<?xml version="1.0" encoding="utf-8"?>
<Project ToolsVersion="4.0" xmlns="http://schemas.microsoft.com/developer/msbuild/2003">
  <ItemGroup>
    <Filter Include="MarkTech">
      <UniqueIdentifier>{1477FDC7-0044-58D3-295D-467B15898D61}</UniqueIdentifier>
    </Filter>
    <Filter Include="MarkTech\Events">
      <UniqueIdentifier>{78E4EB23-E46F-59E8-ED80-DCDC598BB5E8}</UniqueIdentifier>
    </Filter>
    <Filter Include="Platform">
      <UniqueIdentifier>{2AC788B4-1694-E3BF-3FAD-D1672BD9184E}</UniqueIdentifier>
    </Filter>
    <Filter Include="Platform\Windows">
      <UniqueIdentifier>{64FBD71A-50F4-F66C-7926-DCF1657ED678}</UniqueIdentifier>
    </Filter>
  </ItemGroup>
  <ItemGroup>
    <ClInclude Include="src\MarkTech.h" />
    <ClInclude Include="src\MarkTech\Application.h">
      <Filter>MarkTech</Filter>
    </ClInclude>
    <ClInclude Include="src\MarkTech\EntryPoint.h">
      <Filter>MarkTech</Filter>
    </ClInclude>
    <ClInclude Include="src\MarkTech\Events\ApplicationEvent.h">
      <Filter>MarkTech\Events</Filter>
    </ClInclude>
    <ClInclude Include="src\MarkTech\Events\Event.h">
      <Filter>MarkTech\Events</Filter>
    </ClInclude>
    <ClInclude Include="src\MarkTech\Events\KeyEvent.h">
      <Filter>MarkTech\Events</Filter>
    </ClInclude>
    <ClInclude Include="src\MarkTech\Events\MouseEvent.h">
      <Filter>MarkTech\Events</Filter>
    </ClInclude>
    <ClInclude Include="src\MarkTech\Layer.h">
      <Filter>MarkTech</Filter>
    </ClInclude>
    <ClInclude Include="src\MarkTech\LayerStack.h">
      <Filter>MarkTech</Filter>
    </ClInclude>
    <ClInclude Include="src\MarkTech\Log.h">
      <Filter>MarkTech</Filter>
    </ClInclude>
    <ClInclude Include="src\MarkTech\Window.h">
      <Filter>MarkTech</Filter>
    </ClInclude>
    <ClInclude Include="src\MarkTech\core.h">
      <Filter>MarkTech</Filter>
    </ClInclude>
    <ClInclude Include="src\MarkTech\mtpch.h">
      <Filter>MarkTech</Filter>
    </ClInclude>
    <ClInclude Include="src\Platform\Windows\WinWindow.h">
      <Filter>Platform\Windows</Filter>
    </ClInclude>
  </ItemGroup>
  <ItemGroup>
    <ClCompile Include="src\MarkTech\Application.cpp">
      <Filter>MarkTech</Filter>
    </ClCompile>
    <ClCompile Include="src\MarkTech\Layer.cpp">
      <Filter>MarkTech</Filter>
    </ClCompile>
    <ClCompile Include="src\MarkTech\LayerStack.cpp">
      <Filter>MarkTech</Filter>
    </ClCompile>
    <ClCompile Include="src\MarkTech\Log.cpp">
      <Filter>MarkTech</Filter>
    </ClCompile>
    <ClCompile Include="src\Platform\Windows\WinWindow.cpp">
      <Filter>Platform\Windows</Filter>
    </ClCompile>
  </ItemGroup>
</Project>